{
  "name": "rmc",
  "version": "1.0.0",
  "lockfileVersion": 1,
  "requires": true,
  "dependencies": {
    "camera-perspective": {
      "version": "git+https://github.com/PeterTadich/camera-perspective.git#47912bcca51b435a34484b5d85fabcd9fff341c4",
      "requires": {
        "elementary-rotations": "git+https://github.com/PeterTadich/elementary-rotations.git#1b8dfaa3aa10737d5c14f795cc4d33b4044d2067",
        "homogeneous-transformations": "git+https://github.com/PeterTadich/homogeneous-transformations.git#3a5eaa84b5d816bb615fb9c2a04d647d6904e616",
        "matrix-computations": "git+https://github.com/PeterTadich/matrix-computations.git#bd05c041e0d71bb7476bf0f1ce028bfc8028fdb5"
      }
    },
    "elementary-rotations": {
      "version": "git+https://github.com/PeterTadich/elementary-rotations.git#1b8dfaa3aa10737d5c14f795cc4d33b4044d2067",
      "requires": {
        "matlab-javascript": "git+https://github.com/PeterTadich/matlab-javascript.git#557b70e66c10075e4ef622e8b5aedde3204ebc7e",
        "matrix-computations": "git+https://github.com/PeterTadich/matrix-computations.git#bd05c041e0d71bb7476bf0f1ce028bfc8028fdb5"
      }
    },
    "homogeneous-transformations": {
      "version": "git+https://github.com/PeterTadich/homogeneous-transformations.git#3a5eaa84b5d816bb615fb9c2a04d647d6904e616",
      "requires": {
        "elementary-rotations": "git+https://github.com/PeterTadich/elementary-rotations.git#1b8dfaa3aa10737d5c14f795cc4d33b4044d2067",
        "matrix-computations": "git+https://github.com/PeterTadich/matrix-computations.git#bd05c041e0d71bb7476bf0f1ce028bfc8028fdb5",
        "quaternions": "git+https://github.com/PeterTadich/quaternions.git#1896a5d027f9177f3c6193ba6cf86aaed0b618ce"
      }
    },
    "javascript-data-structures": {
      "version": "git+https://github.com/PeterTadich/javascript-data-structures.git#cd37e5bf2cea012933615d2bf1b3eecf3cee6900",
      "requires": {
        "homogeneous-transformations": "git+https://github.com/PeterTadich/homogeneous-transformations.git#3a5eaa84b5d816bb615fb9c2a04d647d6904e616",
        "matrix-computations": "git+https://github.com/PeterTadich/matrix-computations.git#bd05c041e0d71bb7476bf0f1ce028bfc8028fdb5"
      }
    },
    "lu-decomposition": {
      "version": "git+https://github.com/PeterTadich/lu-decomposition.git#a38385092a37ffbdd4042fe1aa1d4bf15a7942a5",
      "requires": {
        "matrix-computations": "git+https://github.com/PeterTadich/matrix-computations.git#bd05c041e0d71bb7476bf0f1ce028bfc8028fdb5"
      }
    },
    "matlab-javascript": {
      "version": "git+https://github.com/PeterTadich/matlab-javascript.git#557b70e66c10075e4ef622e8b5aedde3204ebc7e",
      "requires": {
        "matrix-computations": "git+https://github.com/PeterTadich/matrix-computations.git#bd05c041e0d71bb7476bf0f1ce028bfc8028fdb5"
      }
    },
    "matrix-computations": {
      "version": "git+https://github.com/PeterTadich/matrix-computations.git#bd05c041e0d71bb7476bf0f1ce028bfc8028fdb5"
    },
    "quaternions": {
      "version": "git+https://github.com/PeterTadich/quaternions.git#1896a5d027f9177f3c6193ba6cf86aaed0b618ce",
      "requires": {
        "matrix-computations": "git+https://github.com/PeterTadich/matrix-computations.git#bd05c041e0d71bb7476bf0f1ce028bfc8028fdb5"
      }
    },
    "singular-value-decomposition": {
      "version": "git+https://github.com/PeterTadich/singular-value-decomposition.git#d6cad6e30665dfe8e4d6c7e9340a432bf992dfd7",
      "requires": {
        "matrix-computations": "git+https://github.com/PeterTadich/matrix-computations.git#bd05c041e0d71bb7476bf0f1ce028bfc8028fdb5"
      }
    }
  }
}
